Microsoft Visual Studio Solution File, Format Version 12.00
# Visual Studio Version 17
VisualStudioVersion = 17.5.2.0
MinimumVisualStudioVersion = 10.0.40219.1
Project("{FAE04EC0-301F-11D3-BF4B-00C04F79EFBC}") = "PeopleCrud", "PeopleCrud.csproj", "{736DE098-7944-6275-9DFF-AED1BD2EC763}"
EndProject
Global
	GlobalSection(SolutionConfigurationPlatforms) = preSolution
		Debug|Any CPU = Debug|Any CPU
		Release|Any CPU = Release|Any CPU
	EndGlobalSection
	GlobalSection(ProjectConfigurationPlatforms) = postSolution
		{736DE098-7944-6275-9DFF-AED1BD2EC763}.Debug|Any CPU.ActiveCfg = Debug|Any CPU
		{736DE098-7944-6275-9DFF-AED1BD2EC763}.Debug|Any CPU.Build.0 = Debug|Any CPU
		{736DE098-7944-6275-9DFF-AED1BD2EC763}.Release|Any CPU.ActiveCfg = Release|Any CPU
		{736DE098-7944-6275-9DFF-AED1BD2EC763}.Release|Any CPU.Build.0 = Release|Any CPU
	EndGlobalSection
	GlobalSection(SolutionProperties) = preSolution
		HideSolutionNode = FALSE
	EndGlobalSection
	GlobalSection(ExtensibilityGlobals) = postSolution
		SolutionGuid = {111CA585-BADA-40AF-BE1F-25224189E4B6}
	EndGlobalSection
EndGlobal
